
Microsoft Visual Studio Solution File, Format Version 12.00
# Visual Studio Version 16
VisualStudioVersion = 16.0.31025.194
MinimumVisualStudioVersion = 10.0.40219.1
Project("{9A19103F-16F7-4668-BE54-9A1E7A4F7556}") = "Shop.API", "Shop.API\Shop.API.csproj", "{8A8DE7D5-D265-4850-B859-AD799873681E}"
EndProject
Project("{9A19103F-16F7-4668-BE54-9A1E7A4F7556}") = "Shop.Core", "Shop.Core\Shop.Core.csproj", "{041308EB-9AE4-4D75-A552-E95B6C6083E8}"
EndProject
Project("{9A19103F-16F7-4668-BE54-9A1E7A4F7556}") = "Shop.Infrastructure", "Shop.Infrastructure\Shop.Infrastructure.csproj", "{80260419-4C5D-400F-9A65-4199432C00EA}"
EndProject
Project("{9A19103F-16F7-4668-BE54-9A1E7A4F7556}") = "Shop.Db", "Shop.DbContext\Shop.Db.csproj", "{53AEFB30-7BB7-4E37-9E44-650298898662}"
EndProject
Project("{FAE04EC0-301F-11D3-BF4B-00C04F79EFBC}") = "KataShopTest", "KataShopTest\KataShopTest.csproj", "{0A01F609-52DB-4FD3-91C3-678C0C75E34B}"
EndProject
Global
	GlobalSection(SolutionConfigurationPlatforms) = preSolution
		Debug|Any CPU = Debug|Any CPU
		Release|Any CPU = Release|Any CPU
	EndGlobalSection
	GlobalSection(ProjectConfigurationPlatforms) = postSolution
		{8A8DE7D5-D265-4850-B859-AD799873681E}.Debug|Any CPU.ActiveCfg = Debug|Any CPU
		{8A8DE7D5-D265-4850-B859-AD799873681E}.Debug|Any CPU.Build.0 = Debug|Any CPU
		{8A8DE7D5-D265-4850-B859-AD799873681E}.Release|Any CPU.ActiveCfg = Release|Any CPU
		{8A8DE7D5-D265-4850-B859-AD799873681E}.Release|Any CPU.Build.0 = Release|Any CPU
		{041308EB-9AE4-4D75-A552-E95B6C6083E8}.Debug|Any CPU.ActiveCfg = Debug|Any CPU
		{041308EB-9AE4-4D75-A552-E95B6C6083E8}.Debug|Any CPU.Build.0 = Debug|Any CPU
		{041308EB-9AE4-4D75-A552-E95B6C6083E8}.Release|Any CPU.ActiveCfg = Release|Any CPU
		{041308EB-9AE4-4D75-A552-E95B6C6083E8}.Release|Any CPU.Build.0 = Release|Any CPU
		{80260419-4C5D-400F-9A65-4199432C00EA}.Debug|Any CPU.ActiveCfg = Debug|Any CPU
		{80260419-4C5D-400F-9A65-4199432C00EA}.Debug|Any CPU.Build.0 = Debug|Any CPU
		{80260419-4C5D-400F-9A65-4199432C00EA}.Release|Any CPU.ActiveCfg = Release|Any CPU
		{80260419-4C5D-400F-9A65-4199432C00EA}.Release|Any CPU.Build.0 = Release|Any CPU
		{53AEFB30-7BB7-4E37-9E44-650298898662}.Debug|Any CPU.ActiveCfg = Debug|Any CPU
		{53AEFB30-7BB7-4E37-9E44-650298898662}.Debug|Any CPU.Build.0 = Debug|Any CPU
		{53AEFB30-7BB7-4E37-9E44-650298898662}.Release|Any CPU.ActiveCfg = Release|Any CPU
		{53AEFB30-7BB7-4E37-9E44-650298898662}.Release|Any CPU.Build.0 = Release|Any CPU
		{0A01F609-52DB-4FD3-91C3-678C0C75E34B}.Debug|Any CPU.ActiveCfg = Debug|Any CPU
		{0A01F609-52DB-4FD3-91C3-678C0C75E34B}.Debug|Any CPU.Build.0 = Debug|Any CPU
		{0A01F609-52DB-4FD3-91C3-678C0C75E34B}.Release|Any CPU.ActiveCfg = Release|Any CPU
		{0A01F609-52DB-4FD3-91C3-678C0C75E34B}.Release|Any CPU.Build.0 = Release|Any CPU
	EndGlobalSection
	GlobalSection(SolutionProperties) = preSolution
		HideSolutionNode = FALSE
	EndGlobalSection
	GlobalSection(ExtensibilityGlobals) = postSolution
		SolutionGuid = {4CA966CD-41CE-4FC4-8FB1-3974EAD9E381}
	EndGlobalSection
EndGlobal
